
Microsoft Visual Studio Solution File, Format Version 12.00
# Visual Studio Version 16
VisualStudioVersion = 16.0.29613.14
MinimumVisualStudioVersion = 10.0.40219.1
Project("{FAE04EC0-301F-11D3-BF4B-00C04F79EFBC}") = "ShiftOS", "ShiftOS\ShiftOS.csproj", "{AF9C136E-2F2E-42F6-BA0A-8E878124258B}"
EndProject
Project("{2150E333-8FDC-42A3-9474-1A3956D46DE8}") = "External Dependencies", "External Dependencies", "{EAC6BEAF-45E4-47D0-AECB-5F708DC987A1}"
EndProject
Project("{9A19103F-16F7-4668-BE54-9A1E7A4F7556}") = "AlkalineThunder.Nucleus", "Ladouceur\AlkalineThunder.CodenameLadouceur\AlkalineThunder.Nucleus.csproj", "{3BDB8D3D-FEB7-4901-BA2D-D2579FA8896C}"
EndProject
Project("{9A19103F-16F7-4668-BE54-9A1E7A4F7556}") = "AlkalineThunder.MultiColorText", "Ladouceur\MulticolorTextRenderer\MultiColorText\AlkalineThunder.MultiColorText.csproj", "{45B97709-BA71-42D9-9818-3BDA0EF38722}"
EndProject
Project("{9A19103F-16F7-4668-BE54-9A1E7A4F7556}") = "AlkalineThunder.DevConsole", "Ladouceur\DevConsole\AlkalineThunder.DevConsole\AlkalineThunder.DevConsole.csproj", "{E1E95D8C-2BAF-4E94-A020-7CE1E91F8E21}"
EndProject
Global
	GlobalSection(SolutionConfigurationPlatforms) = preSolution
		Debug|Any CPU = Debug|Any CPU
		Release|Any CPU = Release|Any CPU
	EndGlobalSection
	GlobalSection(ProjectConfigurationPlatforms) = postSolution
		{AF9C136E-2F2E-42F6-BA0A-8E878124258B}.Debug|Any CPU.ActiveCfg = Debug|Any CPU
		{AF9C136E-2F2E-42F6-BA0A-8E878124258B}.Debug|Any CPU.Build.0 = Debug|Any CPU
		{AF9C136E-2F2E-42F6-BA0A-8E878124258B}.Release|Any CPU.ActiveCfg = Release|Any CPU
		{AF9C136E-2F2E-42F6-BA0A-8E878124258B}.Release|Any CPU.Build.0 = Release|Any CPU
		{3BDB8D3D-FEB7-4901-BA2D-D2579FA8896C}.Debug|Any CPU.ActiveCfg = Debug|Any CPU
		{3BDB8D3D-FEB7-4901-BA2D-D2579FA8896C}.Debug|Any CPU.Build.0 = Debug|Any CPU
		{3BDB8D3D-FEB7-4901-BA2D-D2579FA8896C}.Release|Any CPU.ActiveCfg = Release|Any CPU
		{3BDB8D3D-FEB7-4901-BA2D-D2579FA8896C}.Release|Any CPU.Build.0 = Release|Any CPU
		{45B97709-BA71-42D9-9818-3BDA0EF38722}.Debug|Any CPU.ActiveCfg = Debug|Any CPU
		{45B97709-BA71-42D9-9818-3BDA0EF38722}.Debug|Any CPU.Build.0 = Debug|Any CPU
		{45B97709-BA71-42D9-9818-3BDA0EF38722}.Release|Any CPU.ActiveCfg = Release|Any CPU
		{45B97709-BA71-42D9-9818-3BDA0EF38722}.Release|Any CPU.Build.0 = Release|Any CPU
		{E1E95D8C-2BAF-4E94-A020-7CE1E91F8E21}.Debug|Any CPU.ActiveCfg = Debug|Any CPU
		{E1E95D8C-2BAF-4E94-A020-7CE1E91F8E21}.Debug|Any CPU.Build.0 = Debug|Any CPU
		{E1E95D8C-2BAF-4E94-A020-7CE1E91F8E21}.Release|Any CPU.ActiveCfg = Release|Any CPU
		{E1E95D8C-2BAF-4E94-A020-7CE1E91F8E21}.Release|Any CPU.Build.0 = Release|Any CPU
	EndGlobalSection
	GlobalSection(SolutionProperties) = preSolution
		HideSolutionNode = FALSE
	EndGlobalSection
	GlobalSection(NestedProjects) = preSolution
		{3BDB8D3D-FEB7-4901-BA2D-D2579FA8896C} = {EAC6BEAF-45E4-47D0-AECB-5F708DC987A1}
		{45B97709-BA71-42D9-9818-3BDA0EF38722} = {EAC6BEAF-45E4-47D0-AECB-5F708DC987A1}
		{E1E95D8C-2BAF-4E94-A020-7CE1E91F8E21} = {EAC6BEAF-45E4-47D0-AECB-5F708DC987A1}
	EndGlobalSection
	GlobalSection(ExtensibilityGlobals) = postSolution
		SolutionGuid = {0CA264D7-84FF-427C-9533-23E291DD4F61}
	EndGlobalSection
EndGlobal
